
Microsoft Visual Studio Solution File, Format Version 12.00
# Visual Studio Version 16
VisualStudioVersion = 16.0.30011.22
MinimumVisualStudioVersion = 10.0.40219.1
Project("{9A19103F-16F7-4668-BE54-9A1E7A4F7556}") = "GloomhavenAbilityManager.Blazor", "Blazor\GloomhavenAbilityManager.Blazor.csproj", "{7E7C1C19-B23C-4CC7-8538-93620067060C}"
EndProject
Project("{9A19103F-16F7-4668-BE54-9A1E7A4F7556}") = "GloomhavenAbilityManager.DataAccess.Csv", "DataAccess.Csv\GloomhavenAbilityManager.DataAccess.Csv.csproj", "{63FC3EE9-EBDD-4D91-B7A1-93F98678EB24}"
EndProject
Project("{9A19103F-16F7-4668-BE54-9A1E7A4F7556}") = "GloomhavenAbilityManager.DataAccess.Contracts", "DataAccess.Contracts\GloomhavenAbilityManager.DataAccess.Contracts.csproj", "{49E02F04-6FC1-4B7D-8051-FCADEBA1000E}"
EndProject
Project("{9A19103F-16F7-4668-BE54-9A1E7A4F7556}") = "GloomhavenAbilityManager.Logic", "Logic\GloomhavenAbilityManager.Logic.csproj", "{F9047913-DE35-484D-AA55-B6B32921E484}"
EndProject
Project("{9A19103F-16F7-4668-BE54-9A1E7A4F7556}") = "GloomhavenAbilityManager.Logic.Contracts", "Logic.Contracts\GloomhavenAbilityManager.Logic.Contracts.csproj", "{FFFA3203-A7EB-4B5A-B9D0-FDD18370A049}"
EndProject
Project("{9A19103F-16F7-4668-BE54-9A1E7A4F7556}") = "GloomhavenAbilityManager.DataAccess.Csv.Tests", "DataAccess.Csv.Tests\GloomhavenAbilityManager.DataAccess.Csv.Tests.csproj", "{A9FC2C81-6E66-4762-A430-E603CA9F27AD}"
EndProject
Project("{9A19103F-16F7-4668-BE54-9A1E7A4F7556}") = "GloomhavenAbilityManager.Any2cardsImport", "Any2cardsImport\GloomhavenAbilityManager.Any2cardsImport.csproj", "{981CC58D-31A1-4B92-8158-A53A0A5EC0A3}"
EndProject
Global
	GlobalSection(SolutionConfigurationPlatforms) = preSolution
		Debug|Any CPU = Debug|Any CPU
		Release|Any CPU = Release|Any CPU
	EndGlobalSection
	GlobalSection(ProjectConfigurationPlatforms) = postSolution
		{7E7C1C19-B23C-4CC7-8538-93620067060C}.Debug|Any CPU.ActiveCfg = Debug|Any CPU
		{7E7C1C19-B23C-4CC7-8538-93620067060C}.Debug|Any CPU.Build.0 = Debug|Any CPU
		{7E7C1C19-B23C-4CC7-8538-93620067060C}.Release|Any CPU.ActiveCfg = Release|Any CPU
		{7E7C1C19-B23C-4CC7-8538-93620067060C}.Release|Any CPU.Build.0 = Release|Any CPU
		{63FC3EE9-EBDD-4D91-B7A1-93F98678EB24}.Debug|Any CPU.ActiveCfg = Debug|Any CPU
		{63FC3EE9-EBDD-4D91-B7A1-93F98678EB24}.Debug|Any CPU.Build.0 = Debug|Any CPU
		{63FC3EE9-EBDD-4D91-B7A1-93F98678EB24}.Release|Any CPU.ActiveCfg = Release|Any CPU
		{63FC3EE9-EBDD-4D91-B7A1-93F98678EB24}.Release|Any CPU.Build.0 = Release|Any CPU
		{49E02F04-6FC1-4B7D-8051-FCADEBA1000E}.Debug|Any CPU.ActiveCfg = Debug|Any CPU
		{49E02F04-6FC1-4B7D-8051-FCADEBA1000E}.Debug|Any CPU.Build.0 = Debug|Any CPU
		{49E02F04-6FC1-4B7D-8051-FCADEBA1000E}.Release|Any CPU.ActiveCfg = Release|Any CPU
		{49E02F04-6FC1-4B7D-8051-FCADEBA1000E}.Release|Any CPU.Build.0 = Release|Any CPU
		{F9047913-DE35-484D-AA55-B6B32921E484}.Debug|Any CPU.ActiveCfg = Debug|Any CPU
		{F9047913-DE35-484D-AA55-B6B32921E484}.Debug|Any CPU.Build.0 = Debug|Any CPU
		{F9047913-DE35-484D-AA55-B6B32921E484}.Release|Any CPU.ActiveCfg = Release|Any CPU
		{F9047913-DE35-484D-AA55-B6B32921E484}.Release|Any CPU.Build.0 = Release|Any CPU
		{FFFA3203-A7EB-4B5A-B9D0-FDD18370A049}.Debug|Any CPU.ActiveCfg = Debug|Any CPU
		{FFFA3203-A7EB-4B5A-B9D0-FDD18370A049}.Debug|Any CPU.Build.0 = Debug|Any CPU
		{FFFA3203-A7EB-4B5A-B9D0-FDD18370A049}.Release|Any CPU.ActiveCfg = Release|Any CPU
		{FFFA3203-A7EB-4B5A-B9D0-FDD18370A049}.Release|Any CPU.Build.0 = Release|Any CPU
		{A9FC2C81-6E66-4762-A430-E603CA9F27AD}.Debug|Any CPU.ActiveCfg = Debug|Any CPU
		{A9FC2C81-6E66-4762-A430-E603CA9F27AD}.Debug|Any CPU.Build.0 = Debug|Any CPU
		{A9FC2C81-6E66-4762-A430-E603CA9F27AD}.Release|Any CPU.ActiveCfg = Release|Any CPU
		{A9FC2C81-6E66-4762-A430-E603CA9F27AD}.Release|Any CPU.Build.0 = Release|Any CPU
		{981CC58D-31A1-4B92-8158-A53A0A5EC0A3}.Debug|Any CPU.ActiveCfg = Debug|Any CPU
		{981CC58D-31A1-4B92-8158-A53A0A5EC0A3}.Debug|Any CPU.Build.0 = Debug|Any CPU
		{981CC58D-31A1-4B92-8158-A53A0A5EC0A3}.Release|Any CPU.ActiveCfg = Release|Any CPU
		{981CC58D-31A1-4B92-8158-A53A0A5EC0A3}.Release|Any CPU.Build.0 = Release|Any CPU
	EndGlobalSection
	GlobalSection(SolutionProperties) = preSolution
		HideSolutionNode = FALSE
	EndGlobalSection
	GlobalSection(ExtensibilityGlobals) = postSolution
		SolutionGuid = {4F476688-EE22-44E9-85A2-5B2121C8D346}
	EndGlobalSection
EndGlobal
